
Microsoft Visual Studio Solution File, Format Version 12.00
# Visual Studio Version 17
VisualStudioVersion = 17.4.33110.190
MinimumVisualStudioVersion = 10.0.40219.1
Project("{FAE04EC0-301F-11D3-BF4B-00C04F79EFBC}") = "FirstProject", "FirstProject\FirstProject.csproj", "{EB60E0FB-9A06-40AD-879B-82A3E799E331}"
EndProject
Global
	GlobalSection(SolutionConfigurationPlatforms) = preSolution
		Debug|Any CPU = Debug|Any CPU
		Release|Any CPU = Release|Any CPU
	EndGlobalSection
	GlobalSection(ProjectConfigurationPlatforms) = postSolution
		{EB60E0FB-9A06-40AD-879B-82A3E799E331}.Debug|Any CPU.ActiveCfg = Debug|Any CPU
		{EB60E0FB-9A06-40AD-879B-82A3E799E331}.Debug|Any CPU.Build.0 = Debug|Any CPU
		{EB60E0FB-9A06-40AD-879B-82A3E799E331}.Release|Any CPU.ActiveCfg = Release|Any CPU
		{EB60E0FB-9A06-40AD-879B-82A3E799E331}.Release|Any CPU.Build.0 = Release|Any CPU
	EndGlobalSection
	GlobalSection(SolutionProperties) = preSolution
		HideSolutionNode = FALSE
	EndGlobalSection
	GlobalSection(ExtensibilityGlobals) = postSolution
		SolutionGuid = {8B15F0F7-3CC6-4287-A277-A533E735D9E1}
	EndGlobalSection
EndGlobal
