
Microsoft Visual Studio Solution File, Format Version 12.00
# Visual Studio Version 17
VisualStudioVersion = 17.4.33110.190
MinimumVisualStudioVersion = 10.0.40219.1
Project("{9A19103F-16F7-4668-BE54-9A1E7A4F7556}") = "FirstProject", "FirstProject\FirstProject.csproj", "{EB60E0FB-9A06-40AD-879B-82A3E799E331}"
EndProject
Project("{9A19103F-16F7-4668-BE54-9A1E7A4F7556}") = "Variables", "Variables\Variables.csproj", "{377BC042-526F-4A83-B44E-3B5C2255F50D}"
EndProject
Project("{9A19103F-16F7-4668-BE54-9A1E7A4F7556}") = "Methods", "Methods\Methods.csproj", "{3B1451DD-85EF-462C-A87C-777656FC8F68}"
EndProject
Project("{9A19103F-16F7-4668-BE54-9A1E7A4F7556}") = "ClassObjectInstance", "ClassObjectInstance\ClassObjectInstance.csproj", "{317C92AE-0603-4528-9AAC-C317CAC533B9}"
EndProject
Project("{9A19103F-16F7-4668-BE54-9A1E7A4F7556}") = "Structure", "Structure\Structure.csproj", "{0671D5DE-F963-4E1F-AEB4-7B25D15E699A}"
EndProject
Project("{9A19103F-16F7-4668-BE54-9A1E7A4F7556}") = "Operators", "Operators\Operators.csproj", "{7AEA14F5-F6E0-46BD-B045-16355E1E8AF2}"
EndProject
Project("{9A19103F-16F7-4668-BE54-9A1E7A4F7556}") = "Statement_If", "Statement_If\Statement_If.csproj", "{442CF8C1-47E9-452F-B2DB-20EA247AF947}"
EndProject
Project("{9A19103F-16F7-4668-BE54-9A1E7A4F7556}") = "Statement_SwitchCase", "Statement_SwitchCase\Statement_SwitchCase.csproj", "{58A44B7D-CD43-4164-996C-3B558732940E}"
EndProject
Project("{9A19103F-16F7-4668-BE54-9A1E7A4F7556}") = "Statement_Loop", "Statement_Loop\Statement_Loop.csproj", "{66025ED1-5FFC-4EEE-BCB9-ED13D87232C3}"
EndProject
Project("{9A19103F-16F7-4668-BE54-9A1E7A4F7556}") = "Array", "Array\Array.csproj", "{695010D2-FB16-4370-B0C8-AEAF4AECE149}"
EndProject
Project("{9A19103F-16F7-4668-BE54-9A1E7A4F7556}") = "Array2D", "Array2D\Array2D.csproj", "{716074DA-A3A3-45C1-9EBE-E68CE914BA35}"
EndProject
Project("{9A19103F-16F7-4668-BE54-9A1E7A4F7556}") = "HorseRacing", "HorseRacing\HorseRacing.csproj", "{1A596DB0-0AED-471E-80B0-263F0321E0B7}"
EndProject
Project("{9A19103F-16F7-4668-BE54-9A1E7A4F7556}") = "Inheritance", "Inheritance\Inheritance.csproj", "{6BE58984-AD15-40AC-8FEE-FECFD963DBC4}"
EndProject
Project("{FAE04EC0-301F-11D3-BF4B-00C04F79EFBC}") = "BoxingUnboxing", "BoxingUnboxing\BoxingUnboxing.csproj", "{73CA6594-8F5A-4449-9AA9-17AE3150069F}"
EndProject
Global
	GlobalSection(SolutionConfigurationPlatforms) = preSolution
		Debug|Any CPU = Debug|Any CPU
		Release|Any CPU = Release|Any CPU
	EndGlobalSection
	GlobalSection(ProjectConfigurationPlatforms) = postSolution
		{EB60E0FB-9A06-40AD-879B-82A3E799E331}.Debug|Any CPU.ActiveCfg = Debug|Any CPU
		{EB60E0FB-9A06-40AD-879B-82A3E799E331}.Debug|Any CPU.Build.0 = Debug|Any CPU
		{EB60E0FB-9A06-40AD-879B-82A3E799E331}.Release|Any CPU.ActiveCfg = Release|Any CPU
		{EB60E0FB-9A06-40AD-879B-82A3E799E331}.Release|Any CPU.Build.0 = Release|Any CPU
		{377BC042-526F-4A83-B44E-3B5C2255F50D}.Debug|Any CPU.ActiveCfg = Debug|Any CPU
		{377BC042-526F-4A83-B44E-3B5C2255F50D}.Debug|Any CPU.Build.0 = Debug|Any CPU
		{377BC042-526F-4A83-B44E-3B5C2255F50D}.Release|Any CPU.ActiveCfg = Release|Any CPU
		{377BC042-526F-4A83-B44E-3B5C2255F50D}.Release|Any CPU.Build.0 = Release|Any CPU
		{3B1451DD-85EF-462C-A87C-777656FC8F68}.Debug|Any CPU.ActiveCfg = Debug|Any CPU
		{3B1451DD-85EF-462C-A87C-777656FC8F68}.Debug|Any CPU.Build.0 = Debug|Any CPU
		{3B1451DD-85EF-462C-A87C-777656FC8F68}.Release|Any CPU.ActiveCfg = Release|Any CPU
		{3B1451DD-85EF-462C-A87C-777656FC8F68}.Release|Any CPU.Build.0 = Release|Any CPU
		{317C92AE-0603-4528-9AAC-C317CAC533B9}.Debug|Any CPU.ActiveCfg = Debug|Any CPU
		{317C92AE-0603-4528-9AAC-C317CAC533B9}.Debug|Any CPU.Build.0 = Debug|Any CPU
		{317C92AE-0603-4528-9AAC-C317CAC533B9}.Release|Any CPU.ActiveCfg = Release|Any CPU
		{317C92AE-0603-4528-9AAC-C317CAC533B9}.Release|Any CPU.Build.0 = Release|Any CPU
		{0671D5DE-F963-4E1F-AEB4-7B25D15E699A}.Debug|Any CPU.ActiveCfg = Debug|Any CPU
		{0671D5DE-F963-4E1F-AEB4-7B25D15E699A}.Debug|Any CPU.Build.0 = Debug|Any CPU
		{0671D5DE-F963-4E1F-AEB4-7B25D15E699A}.Release|Any CPU.ActiveCfg = Release|Any CPU
		{0671D5DE-F963-4E1F-AEB4-7B25D15E699A}.Release|Any CPU.Build.0 = Release|Any CPU
		{7AEA14F5-F6E0-46BD-B045-16355E1E8AF2}.Debug|Any CPU.ActiveCfg = Debug|Any CPU
		{7AEA14F5-F6E0-46BD-B045-16355E1E8AF2}.Debug|Any CPU.Build.0 = Debug|Any CPU
		{7AEA14F5-F6E0-46BD-B045-16355E1E8AF2}.Release|Any CPU.ActiveCfg = Release|Any CPU
		{7AEA14F5-F6E0-46BD-B045-16355E1E8AF2}.Release|Any CPU.Build.0 = Release|Any CPU
		{442CF8C1-47E9-452F-B2DB-20EA247AF947}.Debug|Any CPU.ActiveCfg = Debug|Any CPU
		{442CF8C1-47E9-452F-B2DB-20EA247AF947}.Debug|Any CPU.Build.0 = Debug|Any CPU
		{442CF8C1-47E9-452F-B2DB-20EA247AF947}.Release|Any CPU.ActiveCfg = Release|Any CPU
		{442CF8C1-47E9-452F-B2DB-20EA247AF947}.Release|Any CPU.Build.0 = Release|Any CPU
		{58A44B7D-CD43-4164-996C-3B558732940E}.Debug|Any CPU.ActiveCfg = Debug|Any CPU
		{58A44B7D-CD43-4164-996C-3B558732940E}.Debug|Any CPU.Build.0 = Debug|Any CPU
		{58A44B7D-CD43-4164-996C-3B558732940E}.Release|Any CPU.ActiveCfg = Release|Any CPU
		{58A44B7D-CD43-4164-996C-3B558732940E}.Release|Any CPU.Build.0 = Release|Any CPU
		{66025ED1-5FFC-4EEE-BCB9-ED13D87232C3}.Debug|Any CPU.ActiveCfg = Debug|Any CPU
		{66025ED1-5FFC-4EEE-BCB9-ED13D87232C3}.Debug|Any CPU.Build.0 = Debug|Any CPU
		{66025ED1-5FFC-4EEE-BCB9-ED13D87232C3}.Release|Any CPU.ActiveCfg = Release|Any CPU
		{66025ED1-5FFC-4EEE-BCB9-ED13D87232C3}.Release|Any CPU.Build.0 = Release|Any CPU
		{695010D2-FB16-4370-B0C8-AEAF4AECE149}.Debug|Any CPU.ActiveCfg = Debug|Any CPU
		{695010D2-FB16-4370-B0C8-AEAF4AECE149}.Debug|Any CPU.Build.0 = Debug|Any CPU
		{695010D2-FB16-4370-B0C8-AEAF4AECE149}.Release|Any CPU.ActiveCfg = Release|Any CPU
		{695010D2-FB16-4370-B0C8-AEAF4AECE149}.Release|Any CPU.Build.0 = Release|Any CPU
		{716074DA-A3A3-45C1-9EBE-E68CE914BA35}.Debug|Any CPU.ActiveCfg = Debug|Any CPU
		{716074DA-A3A3-45C1-9EBE-E68CE914BA35}.Debug|Any CPU.Build.0 = Debug|Any CPU
		{716074DA-A3A3-45C1-9EBE-E68CE914BA35}.Release|Any CPU.ActiveCfg = Release|Any CPU
		{716074DA-A3A3-45C1-9EBE-E68CE914BA35}.Release|Any CPU.Build.0 = Release|Any CPU
		{1A596DB0-0AED-471E-80B0-263F0321E0B7}.Debug|Any CPU.ActiveCfg = Debug|Any CPU
		{1A596DB0-0AED-471E-80B0-263F0321E0B7}.Debug|Any CPU.Build.0 = Debug|Any CPU
		{1A596DB0-0AED-471E-80B0-263F0321E0B7}.Release|Any CPU.ActiveCfg = Release|Any CPU
		{1A596DB0-0AED-471E-80B0-263F0321E0B7}.Release|Any CPU.Build.0 = Release|Any CPU
		{6BE58984-AD15-40AC-8FEE-FECFD963DBC4}.Debug|Any CPU.ActiveCfg = Debug|Any CPU
		{6BE58984-AD15-40AC-8FEE-FECFD963DBC4}.Debug|Any CPU.Build.0 = Debug|Any CPU
		{6BE58984-AD15-40AC-8FEE-FECFD963DBC4}.Release|Any CPU.ActiveCfg = Release|Any CPU
		{6BE58984-AD15-40AC-8FEE-FECFD963DBC4}.Release|Any CPU.Build.0 = Release|Any CPU
		{73CA6594-8F5A-4449-9AA9-17AE3150069F}.Debug|Any CPU.ActiveCfg = Debug|Any CPU
		{73CA6594-8F5A-4449-9AA9-17AE3150069F}.Debug|Any CPU.Build.0 = Debug|Any CPU
		{73CA6594-8F5A-4449-9AA9-17AE3150069F}.Release|Any CPU.ActiveCfg = Release|Any CPU
		{73CA6594-8F5A-4449-9AA9-17AE3150069F}.Release|Any CPU.Build.0 = Release|Any CPU
	EndGlobalSection
	GlobalSection(SolutionProperties) = preSolution
		HideSolutionNode = FALSE
	EndGlobalSection
	GlobalSection(ExtensibilityGlobals) = postSolution
		SolutionGuid = {8B15F0F7-3CC6-4287-A277-A533E735D9E1}
	EndGlobalSection
EndGlobal
